
Microsoft Visual Studio Solution File, Format Version 12.00
# Visual Studio Version 16
VisualStudioVersion = 16.0.28729.10
MinimumVisualStudioVersion = 15.0.26124.0
Project("{2150E333-8FDC-42A3-9474-1A3956D46DE8}") = "src", "src", "{343B916F-3AA1-4745-B51A-E1A98D3BDE08}"
EndProject
Project("{9A19103F-16F7-4668-BE54-9A1E7A4F7556}") = "Student.Public.Domain", "src\Student.Public.Domain\Student.Public.Domain.csproj", "{5AB46CBD-8125-4083-8743-A7C45BA23F55}"
EndProject
Project("{9A19103F-16F7-4668-BE54-9A1E7A4F7556}") = "Student.Public.Infrastructure", "src\Student.Public.Infrastructure\Student.Public.Infrastructure.csproj", "{4D884175-CED0-4ECE-898A-72DDA8735B75}"
EndProject
Project("{9A19103F-16F7-4668-BE54-9A1E7A4F7556}") = "Student.Public.Queries", "src\Student.Public.Queries\Student.Public.Queries.csproj", "{638D4909-4289-4EF6-9972-0C41C375BF0D}"
EndProject
Project("{9A19103F-16F7-4668-BE54-9A1E7A4F7556}") = "Student.Public.WebApi", "src\Student.Public.WebApi\Student.Public.WebApi.csproj", "{A0AE7CF7-5CDD-4C38-B52C-EB52330A429C}"
EndProject
Project("{9A19103F-16F7-4668-BE54-9A1E7A4F7556}") = "Query.Core", "Query.Core\Query.Core.csproj", "{78255524-DA7A-4FCB-8EFE-3059638C2327}"
EndProject
Project("{9A19103F-16F7-4668-BE54-9A1E7A4F7556}") = "Student.DB.Migrations", "src\Student.DB.Migration\Student.DB.Migrations.csproj", "{8472EB52-E28E-4DC4-9747-4AEB207F28CB}"
EndProject
Project("{9A19103F-16F7-4668-BE54-9A1E7A4F7556}") = "Student.Types", "src\Student.Types\Student.Types.csproj", "{989BDCE5-9DF2-4E1F-8510-BC33519CAA31}"
EndProject
Project("{9A19103F-16F7-4668-BE54-9A1E7A4F7556}") = "Student.Public.Queries.Infrastructure", "src\Student.Public.Queries.Infrastructure\Student.Public.Queries.Infrastructure.csproj", "{36221D59-045A-4F26-B92C-8E343A62F6F1}"
EndProject
Global
	GlobalSection(SolutionConfigurationPlatforms) = preSolution
		Debug|Any CPU = Debug|Any CPU
		Release|Any CPU = Release|Any CPU
	EndGlobalSection
	GlobalSection(ProjectConfigurationPlatforms) = postSolution
		{5AB46CBD-8125-4083-8743-A7C45BA23F55}.Debug|Any CPU.ActiveCfg = Debug|Any CPU
		{5AB46CBD-8125-4083-8743-A7C45BA23F55}.Debug|Any CPU.Build.0 = Debug|Any CPU
		{5AB46CBD-8125-4083-8743-A7C45BA23F55}.Release|Any CPU.ActiveCfg = Release|Any CPU
		{5AB46CBD-8125-4083-8743-A7C45BA23F55}.Release|Any CPU.Build.0 = Release|Any CPU
		{4D884175-CED0-4ECE-898A-72DDA8735B75}.Debug|Any CPU.ActiveCfg = Debug|Any CPU
		{4D884175-CED0-4ECE-898A-72DDA8735B75}.Debug|Any CPU.Build.0 = Debug|Any CPU
		{4D884175-CED0-4ECE-898A-72DDA8735B75}.Release|Any CPU.ActiveCfg = Release|Any CPU
		{4D884175-CED0-4ECE-898A-72DDA8735B75}.Release|Any CPU.Build.0 = Release|Any CPU
		{638D4909-4289-4EF6-9972-0C41C375BF0D}.Debug|Any CPU.ActiveCfg = Debug|Any CPU
		{638D4909-4289-4EF6-9972-0C41C375BF0D}.Debug|Any CPU.Build.0 = Debug|Any CPU
		{638D4909-4289-4EF6-9972-0C41C375BF0D}.Release|Any CPU.ActiveCfg = Release|Any CPU
		{638D4909-4289-4EF6-9972-0C41C375BF0D}.Release|Any CPU.Build.0 = Release|Any CPU
		{A0AE7CF7-5CDD-4C38-B52C-EB52330A429C}.Debug|Any CPU.ActiveCfg = Debug|Any CPU
		{A0AE7CF7-5CDD-4C38-B52C-EB52330A429C}.Debug|Any CPU.Build.0 = Debug|Any CPU
		{A0AE7CF7-5CDD-4C38-B52C-EB52330A429C}.Release|Any CPU.ActiveCfg = Release|Any CPU
		{A0AE7CF7-5CDD-4C38-B52C-EB52330A429C}.Release|Any CPU.Build.0 = Release|Any CPU
		{78255524-DA7A-4FCB-8EFE-3059638C2327}.Debug|Any CPU.ActiveCfg = Debug|Any CPU
		{78255524-DA7A-4FCB-8EFE-3059638C2327}.Debug|Any CPU.Build.0 = Debug|Any CPU
		{78255524-DA7A-4FCB-8EFE-3059638C2327}.Release|Any CPU.ActiveCfg = Release|Any CPU
		{78255524-DA7A-4FCB-8EFE-3059638C2327}.Release|Any CPU.Build.0 = Release|Any CPU
		{8472EB52-E28E-4DC4-9747-4AEB207F28CB}.Debug|Any CPU.ActiveCfg = Debug|Any CPU
		{8472EB52-E28E-4DC4-9747-4AEB207F28CB}.Debug|Any CPU.Build.0 = Debug|Any CPU
		{8472EB52-E28E-4DC4-9747-4AEB207F28CB}.Release|Any CPU.ActiveCfg = Release|Any CPU
		{8472EB52-E28E-4DC4-9747-4AEB207F28CB}.Release|Any CPU.Build.0 = Release|Any CPU
		{989BDCE5-9DF2-4E1F-8510-BC33519CAA31}.Debug|Any CPU.ActiveCfg = Debug|Any CPU
		{989BDCE5-9DF2-4E1F-8510-BC33519CAA31}.Debug|Any CPU.Build.0 = Debug|Any CPU
		{989BDCE5-9DF2-4E1F-8510-BC33519CAA31}.Release|Any CPU.ActiveCfg = Release|Any CPU
		{989BDCE5-9DF2-4E1F-8510-BC33519CAA31}.Release|Any CPU.Build.0 = Release|Any CPU
		{36221D59-045A-4F26-B92C-8E343A62F6F1}.Debug|Any CPU.ActiveCfg = Debug|Any CPU
		{36221D59-045A-4F26-B92C-8E343A62F6F1}.Debug|Any CPU.Build.0 = Debug|Any CPU
		{36221D59-045A-4F26-B92C-8E343A62F6F1}.Release|Any CPU.ActiveCfg = Release|Any CPU
		{36221D59-045A-4F26-B92C-8E343A62F6F1}.Release|Any CPU.Build.0 = Release|Any CPU
	EndGlobalSection
	GlobalSection(SolutionProperties) = preSolution
		HideSolutionNode = FALSE
	EndGlobalSection
	GlobalSection(NestedProjects) = preSolution
		{5AB46CBD-8125-4083-8743-A7C45BA23F55} = {343B916F-3AA1-4745-B51A-E1A98D3BDE08}
		{4D884175-CED0-4ECE-898A-72DDA8735B75} = {343B916F-3AA1-4745-B51A-E1A98D3BDE08}
		{638D4909-4289-4EF6-9972-0C41C375BF0D} = {343B916F-3AA1-4745-B51A-E1A98D3BDE08}
		{A0AE7CF7-5CDD-4C38-B52C-EB52330A429C} = {343B916F-3AA1-4745-B51A-E1A98D3BDE08}
		{78255524-DA7A-4FCB-8EFE-3059638C2327} = {343B916F-3AA1-4745-B51A-E1A98D3BDE08}
		{8472EB52-E28E-4DC4-9747-4AEB207F28CB} = {343B916F-3AA1-4745-B51A-E1A98D3BDE08}
		{989BDCE5-9DF2-4E1F-8510-BC33519CAA31} = {343B916F-3AA1-4745-B51A-E1A98D3BDE08}
		{36221D59-045A-4F26-B92C-8E343A62F6F1} = {343B916F-3AA1-4745-B51A-E1A98D3BDE08}
	EndGlobalSection
	GlobalSection(ExtensibilityGlobals) = postSolution
		SolutionGuid = {2E6C263F-F130-461B-8A90-C9F19C17DC07}
	EndGlobalSection
EndGlobal
